
Microsoft Visual Studio Solution File, Format Version 12.00
# Visual Studio Version 17
VisualStudioVersion = 17.7.34031.279
MinimumVisualStudioVersion = 10.0.40219.1
Project("{2150E333-8FDC-42A3-9474-1A3956D46DE8}") = "Lecture_7", "Lecture_7", "{06F149F2-CF73-4677-83AE-00870CC96BB5}"
EndProject
Project("{2150E333-8FDC-42A3-9474-1A3956D46DE8}") = "Core", "Core", "{70F321BB-D7D1-4DB3-8533-36505F094485}"
EndProject
Project("{FAE04EC0-301F-11D3-BF4B-00C04F79EFBC}") = "Week_7_1.Domain", "Lecture_7\Core\Week_7_1.Domain\Week_7_1.Domain.csproj", "{B5E2AC0A-698F-443B-BEAD-EFE2BB7672D6}"
EndProject
Project("{2150E333-8FDC-42A3-9474-1A3956D46DE8}") = "Infrastructure", "Infrastructure", "{DCEF2B9D-FBA5-43D6-80F8-AB5B449E8E61}"
EndProject
Project("{FAE04EC0-301F-11D3-BF4B-00C04F79EFBC}") = "Week_7_1.Persistence", "Lecture_7\Infrastructure\Week_7_1.Persistence\Week_7_1.Persistence.csproj", "{A474E98E-376C-4867-81D8-430DC10F9E17}"
EndProject
Project("{2150E333-8FDC-42A3-9474-1A3956D46DE8}") = "Presentation", "Presentation", "{FDB449C4-72CA-4B51-88BC-FBCCA3DCCD58}"
EndProject
Project("{FAE04EC0-301F-11D3-BF4B-00C04F79EFBC}") = "Week_7_1.API", "Lecture_7\Presentation\Week_7_1.API\Week_7_1.API.csproj", "{47C38858-168C-41B4-8BB2-30AE12379D61}"
EndProject
Global
	GlobalSection(SolutionConfigurationPlatforms) = preSolution
		Debug|Any CPU = Debug|Any CPU
		Release|Any CPU = Release|Any CPU
	EndGlobalSection
	GlobalSection(ProjectConfigurationPlatforms) = postSolution
		{B5E2AC0A-698F-443B-BEAD-EFE2BB7672D6}.Debug|Any CPU.ActiveCfg = Debug|Any CPU
		{B5E2AC0A-698F-443B-BEAD-EFE2BB7672D6}.Debug|Any CPU.Build.0 = Debug|Any CPU
		{B5E2AC0A-698F-443B-BEAD-EFE2BB7672D6}.Release|Any CPU.ActiveCfg = Release|Any CPU
		{B5E2AC0A-698F-443B-BEAD-EFE2BB7672D6}.Release|Any CPU.Build.0 = Release|Any CPU
		{A474E98E-376C-4867-81D8-430DC10F9E17}.Debug|Any CPU.ActiveCfg = Debug|Any CPU
		{A474E98E-376C-4867-81D8-430DC10F9E17}.Debug|Any CPU.Build.0 = Debug|Any CPU
		{A474E98E-376C-4867-81D8-430DC10F9E17}.Release|Any CPU.ActiveCfg = Release|Any CPU
		{A474E98E-376C-4867-81D8-430DC10F9E17}.Release|Any CPU.Build.0 = Release|Any CPU
		{47C38858-168C-41B4-8BB2-30AE12379D61}.Debug|Any CPU.ActiveCfg = Debug|Any CPU
		{47C38858-168C-41B4-8BB2-30AE12379D61}.Debug|Any CPU.Build.0 = Debug|Any CPU
		{47C38858-168C-41B4-8BB2-30AE12379D61}.Release|Any CPU.ActiveCfg = Release|Any CPU
		{47C38858-168C-41B4-8BB2-30AE12379D61}.Release|Any CPU.Build.0 = Release|Any CPU
	EndGlobalSection
	GlobalSection(SolutionProperties) = preSolution
		HideSolutionNode = FALSE
	EndGlobalSection
	GlobalSection(NestedProjects) = preSolution
		{70F321BB-D7D1-4DB3-8533-36505F094485} = {06F149F2-CF73-4677-83AE-00870CC96BB5}
		{B5E2AC0A-698F-443B-BEAD-EFE2BB7672D6} = {70F321BB-D7D1-4DB3-8533-36505F094485}
		{DCEF2B9D-FBA5-43D6-80F8-AB5B449E8E61} = {06F149F2-CF73-4677-83AE-00870CC96BB5}
		{A474E98E-376C-4867-81D8-430DC10F9E17} = {DCEF2B9D-FBA5-43D6-80F8-AB5B449E8E61}
		{FDB449C4-72CA-4B51-88BC-FBCCA3DCCD58} = {06F149F2-CF73-4677-83AE-00870CC96BB5}
		{47C38858-168C-41B4-8BB2-30AE12379D61} = {FDB449C4-72CA-4B51-88BC-FBCCA3DCCD58}
	EndGlobalSection
	GlobalSection(ExtensibilityGlobals) = postSolution
		SolutionGuid = {EF0E631B-E42D-4D8B-8A57-98CCB48A4372}
	EndGlobalSection
EndGlobal
